// !$*UTF8*$!
{
	archiveVersion = 1;
	classes = {
	};
	objectVersion = 56;
	objects = {

/* Begin PBXBuildFile section */
		CFAEA7392B87E4A0000AD386 /* AppDelegate.swift in Sources */ = {isa = PBXBuildFile; fileRef = CFAEA7382B87E4A0000AD386 /* AppDelegate.swift */; };
		CFAEA73B2B87E4A0000AD386 /* SceneDelegate.swift in Sources */ = {isa = PBXBuildFile; fileRef = CFAEA73A2B87E4A0000AD386 /* SceneDelegate.swift */; };
		CFAEA73D2B87E4A0000AD386 /* ViewController.swift in Sources */ = {isa = PBXBuildFile; fileRef = CFAEA73C2B87E4A0000AD386 /* ViewController.swift */; };
		CFAEA7402B87E4A0000AD386 /* Main.storyboard in Resources */ = {isa = PBXBuildFile; fileRef = CFAEA73E2B87E4A0000AD386 /* Main.storyboard */; };
		CFAEA7452B87E4A2000AD386 /* Assets.xcassets in Resources */ = {isa = PBXBuildFile; fileRef = CFAEA7442B87E4A2000AD386 /* Assets.xcassets */; };
		CFAEA7482B87E4A2000AD386 /* LaunchScreen.storyboard in Resources */ = {isa = PBXBuildFile; fileRef = CFAEA7462B87E4A2000AD386 /* LaunchScreen.storyboard */; };
		CFAEA7BF2B88EF9E000AD386 /* Puzzle.swift in Sources */ = {isa = PBXBuildFile; fileRef = CFAEA7BE2B88EF9E000AD386 /* Puzzle.swift */; };
		CFAEA7C32B88EFDD000AD386 /* PuzzleCell.swift in Sources */ = {isa = PBXBuildFile; fileRef = CFAEA7C22B88EFDD000AD386 /* PuzzleCell.swift */; };
		CFAEA7C52B892CB7000AD386 /* Alert.swift in Sources */ = {isa = PBXBuildFile; fileRef = CFAEA7C42B892CB7000AD386 /* Alert.swift */; };
/* End PBXBuildFile section */

/* Begin PBXFileReference section */
		CFAEA7352B87E4A0000AD386 /* PuzzleGame.app */ = {isa = PBXFileReference; explicitFileType = wrapper.application; includeInIndex = 0; path = PuzzleGame.app; sourceTree = BUILT_PRODUCTS_DIR; };
		CFAEA7382B87E4A0000AD386 /* AppDelegate.swift */ = {isa = PBXFileReference; lastKnownFileType = sourcecode.swift; path = AppDelegate.swift; sourceTree = "<group>"; };
		CFAEA73A2B87E4A0000AD386 /* SceneDelegate.swift */ = {isa = PBXFileReference; lastKnownFileType = sourcecode.swift; path = SceneDelegate.swift; sourceTree = "<group>"; };
		CFAEA73C2B87E4A0000AD386 /* ViewController.swift */ = {isa = PBXFileReference; lastKnownFileType = sourcecode.swift; path = ViewController.swift; sourceTree = "<group>"; };
		CFAEA73F2B87E4A0000AD386 /* Base */ = {isa = PBXFileReference; lastKnownFileType = file.storyboard; name = Base; path = Base.lproj/Main.storyboard; sourceTree = "<group>"; };
		CFAEA7442B87E4A2000AD386 /* Assets.xcassets */ = {isa = PBXFileReference; lastKnownFileType = folder.assetcatalog; path = Assets.xcassets; sourceTree = "<group>"; };
		CFAEA7472B87E4A2000AD386 /* Base */ = {isa = PBXFileReference; lastKnownFileType = file.storyboard; name = Base; path = Base.lproj/LaunchScreen.storyboard; sourceTree = "<group>"; };
		CFAEA7492B87E4A2000AD386 /* Info.plist */ = {isa = PBXFileReference; lastKnownFileType = text.plist.xml; path = Info.plist; sourceTree = "<group>"; };
		CFAEA7BE2B88EF9E000AD386 /* Puzzle.swift */ = {isa = PBXFileReference; lastKnownFileType = sourcecode.swift; path = Puzzle.swift; sourceTree = "<group>"; };
		CFAEA7C22B88EFDD000AD386 /* PuzzleCell.swift */ = {isa = PBXFileReference; lastKnownFileType = sourcecode.swift; path = PuzzleCell.swift; sourceTree = "<group>"; };
		CFAEA7C42B892CB7000AD386 /* Alert.swift */ = {isa = PBXFileReference; lastKnownFileType = sourcecode.swift; path = Alert.swift; sourceTree = "<group>"; };
/* End PBXFileReference section */

/* Begin PBXFrameworksBuildPhase section */
		CFAEA7322B87E4A0000AD386 /* Frameworks */ = {
			isa = PBXFrameworksBuildPhase;
			buildActionMask = 2147483647;
			files = (
			);
			runOnlyForDeploymentPostprocessing = 0;
		};
/* End PBXFrameworksBuildPhase section */

/* Begin PBXGroup section */
		CFAEA72C2B87E4A0000AD386 = {
			isa = PBXGroup;
			children = (
				CFAEA7372B87E4A0000AD386 /* PuzzleGame */,
				CFAEA7362B87E4A0000AD386 /* Products */,
			);
			sourceTree = "<group>";
		};
		CFAEA7362B87E4A0000AD386 /* Products */ = {
			isa = PBXGroup;
			children = (
				CFAEA7352B87E4A0000AD386 /* PuzzleGame.app */,
			);
			name = Products;
			sourceTree = "<group>";
		};
		CFAEA7372B87E4A0000AD386 /* PuzzleGame */ = {
			isa = PBXGroup;
			children = (
				CFAEA7C12B88EFC9000AD386 /* Views */,
				CFAEA7BD2B88EF85000AD386 /* Models */,
				CFAEA73C2B87E4A0000AD386 /* ViewController.swift */,
				CFAEA73E2B87E4A0000AD386 /* Main.storyboard */,
				CFAEA7442B87E4A2000AD386 /* Assets.xcassets */,
				CFAEA7462B87E4A2000AD386 /* LaunchScreen.storyboard */,
				CFAEA7492B87E4A2000AD386 /* Info.plist */,
				CFAEA73A2B87E4A0000AD386 /* SceneDelegate.swift */,
				CFAEA7382B87E4A0000AD386 /* AppDelegate.swift */,
			);
			path = PuzzleGame;
			sourceTree = "<group>";
		};
		CFAEA7BD2B88EF85000AD386 /* Models */ = {
			isa = PBXGroup;
			children = (
				CFAEA7BE2B88EF9E000AD386 /* Puzzle.swift */,
				CFAEA7C42B892CB7000AD386 /* Alert.swift */,
			);
			path = Models;
			sourceTree = "<group>";
		};
		CFAEA7C12B88EFC9000AD386 /* Views */ = {
			isa = PBXGroup;
			children = (
				CFAEA7C22B88EFDD000AD386 /* PuzzleCell.swift */,
			);
			path = Views;
			sourceTree = "<group>";
		};
/* End PBXGroup section */

/* Begin PBXNativeTarget section */
		CFAEA7342B87E4A0000AD386 /* PuzzleGame */ = {
			isa = PBXNativeTarget;
			buildConfigurationList = CFAEA74C2B87E4A2000AD386 /* Build configuration list for PBXNativeTarget "PuzzleGame" */;
			buildPhases = (
				CFAEA7312B87E4A0000AD386 /* Sources */,
				CFAEA7322B87E4A0000AD386 /* Frameworks */,
				CFAEA7332B87E4A0000AD386 /* Resources */,
			);
			buildRules = (
			);
			dependencies = (
			);
			name = PuzzleGame;
			productName = PuzzleGame;
			productReference = CFAEA7352B87E4A0000AD386 /* PuzzleGame.app */;
			productType = "com.apple.product-type.application";
		};
/* End PBXNativeTarget section */

/* Begin PBXProject section */
		CFAEA72D2B87E4A0000AD386 /* Project object */ = {
			isa = PBXProject;
			attributes = {
				BuildIndependentTargetsInParallel = 1;
				LastSwiftUpdateCheck = 1520;
				LastUpgradeCheck = 1520;
				TargetAttributes = {
					CFAEA7342B87E4A0000AD386 = {
						CreatedOnToolsVersion = 15.2;
					};
				};
			};
			buildConfigurationList = CFAEA7302B87E4A0000AD386 /* Build configuration list for PBXProject "PuzzleGame" */;
			compatibilityVersion = "Xcode 14.0";
			developmentRegion = en;
			hasScannedForEncodings = 0;
			knownRegions = (
				en,
				Base,
			);
			mainGroup = CFAEA72C2B87E4A0000AD386;
			productRefGroup = CFAEA7362B87E4A0000AD386 /* Products */;
			projectDirPath = "";
			projectRoot = "";
			targets = (
				CFAEA7342B87E4A0000AD386 /* PuzzleGame */,
			);
		};
/* End PBXProject section */

/* Begin PBXResourcesBuildPhase section */
		CFAEA7332B87E4A0000AD386 /* Resources */ = {
			isa = PBXResourcesBuildPhase;
			buildActionMask = 2147483647;
			files = (
				CFAEA7482B87E4A2000AD386 /* LaunchScreen.storyboard in Resources */,
				CFAEA7452B87E4A2000AD386 /* Assets.xcassets in Resources */,
				CFAEA7402B87E4A0000AD386 /* Main.storyboard in Resources */,
			);
			runOnlyForDeploymentPostprocessing = 0;
		};
/* End PBXResourcesBuildPhase section */

/* Begin PBXSourcesBuildPhase section */
		CFAEA7312B87E4A0000AD386 /* Sources */ = {
			isa = PBXSourcesBuildPhase;
			buildActionMask = 2147483647;
			files = (
				CFAEA7C52B892CB7000AD386 /* Alert.swift in Sources */,
				CFAEA7BF2B88EF9E000AD386 /* Puzzle.swift in Sources */,
				CFAEA73D2B87E4A0000AD386 /* ViewController.swift in Sources */,
				CFAEA7392B87E4A0000AD386 /* AppDelegate.swift in Sources */,
				CFAEA7C32B88EFDD000AD386 /* PuzzleCell.swift in Sources */,
				CFAEA73B2B87E4A0000AD386 /* SceneDelegate.swift in Sources */,
			);
			runOnlyForDeploymentPostprocessing = 0;
		};
/* End PBXSourcesBuildPhase section */

/* Begin PBXVariantGroup section */
		CFAEA73E2B87E4A0000AD386 /* Main.storyboard */ = {
			isa = PBXVariantGroup;
			children = (
				CFAEA73F2B87E4A0000AD386 /* Base */,
			);
			name = Main.storyboard;
			sourceTree = "<group>";
		};
		CFAEA7462B87E4A2000AD386 /* LaunchScreen.storyboard */ = {
			isa = PBXVariantGroup;
			children = (
				CFAEA7472B87E4A2000AD386 /* Base */,
			);
			name = LaunchScreen.storyboard;
			sourceTree = "<group>";
		};
/* End PBXVariantGroup section */

/* Begin XCBuildConfiguration section */
		CFAEA74A2B87E4A2000AD386 /* Debug */ = {
			isa = XCBuildConfiguration;
			buildSettings = {
				ALWAYS_SEARCH_USER_PATHS = NO;
				ASSETCATALOG_COMPILER_GENERATE_SWIFT_ASSET_SYMBOL_EXTENSIONS = YES;
				CLANG_ANALYZER_NONNULL = YES;
				CLANG_ANALYZER_NUMBER_OBJECT_CONVERSION = YES_AGGRESSIVE;
				CLANG_CXX_LANGUAGE_STANDARD = "gnu++20";
				CLANG_ENABLE_MODULES = YES;
				CLANG_ENABLE_OBJC_ARC = YES;
				CLANG_ENABLE_OBJC_WEAK = YES;
				CLANG_WARN_BLOCK_CAPTURE_AUTORELEASING = YES;
				CLANG_WARN_BOOL_CONVERSION = YES;
				CLANG_WARN_COMMA = YES;
				CLANG_WARN_CONSTANT_CONVERSION = YES;
				CLANG_WARN_DEPRECATED_OBJC_IMPLEMENTATIONS = YES;
				CLANG_WARN_DIRECT_OBJC_ISA_USAGE = YES_ERROR;
				CLANG_WARN_DOCUMENTATION_COMMENTS = YES;
				CLANG_WARN_EMPTY_BODY = YES;
				CLANG_WARN_ENUM_CONVERSION = YES;
				CLANG_WARN_INFINITE_RECURSION = YES;
				CLANG_WARN_INT_CONVERSION = YES;
				CLANG_WARN_NON_LITERAL_NULL_CONVERSION = YES;
				CLANG_WARN_OBJC_IMPLICIT_RETAIN_SELF = YES;
				CLANG_WARN_OBJC_LITERAL_CONVERSION = YES;
				CLANG_WARN_OBJC_ROOT_CLASS = YES_ERROR;
				CLANG_WARN_QUOTED_INCLUDE_IN_FRAMEWORK_HEADER = YES;
				CLANG_WARN_RANGE_LOOP_ANALYSIS = YES;
				CLANG_WARN_STRICT_PROTOTYPES = YES;
				CLANG_WARN_SUSPICIOUS_MOVE = YES;
				CLANG_WARN_UNGUARDED_AVAILABILITY = YES_AGGRESSIVE;
				CLANG_WARN_UNREACHABLE_CODE = YES;
				CLANG_WARN__DUPLICATE_METHOD_MATCH = YES;
				COPY_PHASE_STRIP = NO;
				DEBUG_INFORMATION_FORMAT = dwarf;
				ENABLE_STRICT_OBJC_MSGSEND = YES;
				ENABLE_TESTABILITY = YES;
				ENABLE_USER_SCRIPT_SANDBOXING = YES;
				GCC_C_LANGUAGE_STANDARD = gnu17;
				GCC_DYNAMIC_NO_PIC = NO;
				GCC_NO_COMMON_BLOCKS = YES;
				GCC_OPTIMIZATION_LEVEL = 0;
				GCC_PREPROCESSOR_DEFINITIONS = (
					"DEBUG=1",
					"$(inherited)",
				);
				GCC_WARN_64_TO_32_BIT_CONVERSION = YES;
				GCC_WARN_ABOUT_RETURN_TYPE = YES_ERROR;
				GCC_WARN_UNDECLARED_SELECTOR = YES;
				GCC_WARN_UNINITIALIZED_AUTOS = YES_AGGRESSIVE;
				GCC_WARN_UNUSED_FUNCTION = YES;
				GCC_WARN_UNUSED_VARIABLE = YES;
				IPHONEOS_DEPLOYMENT_TARGET = 17.2;
				LOCALIZATION_PREFERS_STRING_CATALOGS = YES;
				MTL_ENABLE_DEBUG_INFO = INCLUDE_SOURCE;
				MTL_FAST_MATH = YES;
				ONLY_ACTIVE_ARCH = YES;
				SDKROOT = iphoneos;
				SWIFT_ACTIVE_COMPILATION_CONDITIONS = "DEBUG $(inherited)";
				SWIFT_OPTIMIZATION_LEVEL = "-Onone";
			};
			name = Debug;
		};
		CFAEA74B2B87E4A2000AD386 /* Release */ = {
			isa = XCBuildConfiguration;
			buildSettings = {
				ALWAYS_SEARCH_USER_PATHS = NO;
				ASSETCATALOG_COMPILER_GENERATE_SWIFT_ASSET_SYMBOL_EXTENSIONS = YES;
				CLANG_ANALYZER_NONNULL = YES;
				CLANG_ANALYZER_NUMBER_OBJECT_CONVERSION = YES_AGGRESSIVE;
				CLANG_CXX_LANGUAGE_STANDARD = "gnu++20";
				CLANG_ENABLE_MODULES = YES;
				CLANG_ENABLE_OBJC_ARC = YES;
				CLANG_ENABLE_OBJC_WEAK = YES;
				CLANG_WARN_BLOCK_CAPTURE_AUTORELEASING = YES;
				CLANG_WARN_BOOL_CONVERSION = YES;
				CLANG_WARN_COMMA = YES;
				CLANG_WARN_CONSTANT_CONVERSION = YES;
				CLANG_WARN_DEPRECATED_OBJC_IMPLEMENTATIONS = YES;
				CLANG_WARN_DIRECT_OBJC_ISA_USAGE = YES_ERROR;
				CLANG_WARN_DOCUMENTATION_COMMENTS = YES;
				CLANG_WARN_EMPTY_BODY = YES;
				CLANG_WARN_ENUM_CONVERSION = YES;
				CLANG_WARN_INFINITE_RECURSION = YES;
				CLANG_WARN_INT_CONVERSION = YES;
				CLANG_WARN_NON_LITERAL_NULL_CONVERSION = YES;
				CLANG_WARN_OBJC_IMPLICIT_RETAIN_SELF = YES;
				CLANG_WARN_OBJC_LITERAL_CONVERSION = YES;
				CLANG_WARN_OBJC_ROOT_CLASS = YES_ERROR;
				CLANG_WARN_QUOTED_INCLUDE_IN_FRAMEWORK_HEADER = YES;
				CLANG_WARN_RANGE_LOOP_ANALYSIS = YES;
				CLANG_WARN_STRICT_PROTOTYPES = YES;
				CLANG_WARN_SUSPICIOUS_MOVE = YES;
				CLANG_WARN_UNGUARDED_AVAILABILITY = YES_AGGRESSIVE;
				CLANG_WARN_UNREACHABLE_CODE = YES;
				CLANG_WARN__DUPLICATE_METHOD_MATCH = YES;
				COPY_PHASE_STRIP = NO;
				DEBUG_INFORMATION_FORMAT = "dwarf-with-dsym";
				ENABLE_NS_ASSERTIONS = NO;
				ENABLE_STRICT_OBJC_MSGSEND = YES;
				ENABLE_USER_SCRIPT_SANDBOXING = YES;
				GCC_C_LANGUAGE_STANDARD = gnu17;
				GCC_NO_COMMON_BLOCKS = YES;
				GCC_WARN_64_TO_32_BIT_CONVERSION = YES;
				GCC_WARN_ABOUT_RETURN_TYPE = YES_ERROR;
				GCC_WARN_UNDECLARED_SELECTOR = YES;
				GCC_WARN_UNINITIALIZED_AUTOS = YES_AGGRESSIVE;
				GCC_WARN_UNUSED_FUNCTION = YES;
				GCC_WARN_UNUSED_VARIABLE = YES;
				IPHONEOS_DEPLOYMENT_TARGET = 17.2;
				LOCALIZATION_PREFERS_STRING_CATALOGS = YES;
				MTL_ENABLE_DEBUG_INFO = NO;
				MTL_FAST_MATH = YES;
				SDKROOT = iphoneos;
				SWIFT_COMPILATION_MODE = wholemodule;
				VALIDATE_PRODUCT = YES;
			};
			name = Release;
		};
		CFAEA74D2B87E4A2000AD386 /* Debug */ = {
			isa = XCBuildConfiguration;
			buildSettings = {
				ASSETCATALOG_COMPILER_APPICON_NAME = AppIcon;
				ASSETCATALOG_COMPILER_GLOBAL_ACCENT_COLOR_NAME = AccentColor;
				CODE_SIGN_STYLE = Automatic;
				CURRENT_PROJECT_VERSION = 1;
				DEVELOPMENT_TEAM = UF353UV4DH;
				GENERATE_INFOPLIST_FILE = YES;
				INFOPLIST_FILE = PuzzleGame/Info.plist;
				INFOPLIST_KEY_UIApplicationSupportsIndirectInputEvents = YES;
				INFOPLIST_KEY_UILaunchStoryboardName = LaunchScreen;
				INFOPLIST_KEY_UIMainStoryboardFile = Main;
				INFOPLIST_KEY_UISupportedInterfaceOrientations_iPad = "UIInterfaceOrientationPortrait UIInterfaceOrientationPortraitUpsideDown UIInterfaceOrientationLandscapeLeft UIInterfaceOrientationLandscapeRight";
				INFOPLIST_KEY_UISupportedInterfaceOrientations_iPhone = "UIInterfaceOrientationPortrait UIInterfaceOrientationLandscapeLeft UIInterfaceOrientationLandscapeRight";
				LD_RUNPATH_SEARCH_PATHS = (
					"$(inherited)",
					"@executable_path/Frameworks",
				);
				MARKETING_VERSION = 1.0;
				PRODUCT_BUNDLE_IDENTIFIER = "Sergiy-Melnyk.PuzzleGame";
				PRODUCT_NAME = "$(TARGET_NAME)";
				SWIFT_EMIT_LOC_STRINGS = YES;
				SWIFT_VERSION = 5.0;
				TARGETED_DEVICE_FAMILY = "1,2";
			};
			name = Debug;
		};
		CFAEA74E2B87E4A2000AD386 /* Release */ = {
			isa = XCBuildConfiguration;
			buildSettings = {
				ASSETCATALOG_COMPILER_APPICON_NAME = AppIcon;
				ASSETCATALOG_COMPILER_GLOBAL_ACCENT_COLOR_NAME = AccentColor;
				CODE_SIGN_STYLE = Automatic;
				CURRENT_PROJECT_VERSION = 1;
				DEVELOPMENT_TEAM = UF353UV4DH;
				GENERATE_INFOPLIST_FILE = YES;
				INFOPLIST_FILE = PuzzleGame/Info.plist;
				INFOPLIST_KEY_UIApplicationSupportsIndirectInputEvents = YES;
				INFOPLIST_KEY_UILaunchStoryboardName = LaunchScreen;
				INFOPLIST_KEY_UIMainStoryboardFile = Main;
				INFOPLIST_KEY_UISupportedInterfaceOrientations_iPad = "UIInterfaceOrientationPortrait UIInterfaceOrientationPortraitUpsideDown UIInterfaceOrientationLandscapeLeft UIInterfaceOrientationLandscapeRight";
				INFOPLIST_KEY_UISupportedInterfaceOrientations_iPhone = "UIInterfaceOrientationPortrait UIInterfaceOrientationLandscapeLeft UIInterfaceOrientationLandscapeRight";
				LD_RUNPATH_SEARCH_PATHS = (
					"$(inherited)",
					"@executable_path/Frameworks",
				);
				MARKETING_VERSION = 1.0;
				PRODUCT_BUNDLE_IDENTIFIER = "Sergiy-Melnyk.PuzzleGame";
				PRODUCT_NAME = "$(TARGET_NAME)";
				SWIFT_EMIT_LOC_STRINGS = YES;
				SWIFT_VERSION = 5.0;
				TARGETED_DEVICE_FAMILY = "1,2";
			};
			name = Release;
		};
/* End XCBuildConfiguration section */

/* Begin XCConfigurationList section */
		CFAEA7302B87E4A0000AD386 /* Build configuration list for PBXProject "PuzzleGame" */ = {
			isa = XCConfigurationList;
			buildConfigurations = (
				CFAEA74A2B87E4A2000AD386 /* Debug */,
				CFAEA74B2B87E4A2000AD386 /* Release */,
			);
			defaultConfigurationIsVisible = 0;
			defaultConfigurationName = Release;
		};
		CFAEA74C2B87E4A2000AD386 /* Build configuration list for PBXNativeTarget "PuzzleGame" */ = {
			isa = XCConfigurationList;
			buildConfigurations = (
				CFAEA74D2B87E4A2000AD386 /* Debug */,
				CFAEA74E2B87E4A2000AD386 /* Release */,
			);
			defaultConfigurationIsVisible = 0;
			defaultConfigurationName = Release;
		};
/* End XCConfigurationList section */
	};
	rootObject = CFAEA72D2B87E4A0000AD386 /* Project object */;
}
